// !$*UTF8*$!
{
	archiveVersion = 1;
	classes = {
	};
	objectVersion = 50;
	objects = {

/* Begin PBXBuildFile section */
		735B87800BEEF992BBB8FFF5 /* Pods_Todoey.framework in Frameworks */ = {isa = PBXBuildFile; fileRef = 637D07A92FE49F20BC3378D3 /* Pods_Todoey.framework */; };
		9574A84521DA161C0041475D /* Item.swift in Sources */ = {isa = PBXBuildFile; fileRef = 9574A84421DA161C0041475D /* Item.swift */; };
		9574A84721DA16270041475D /* Category.swift in Sources */ = {isa = PBXBuildFile; fileRef = 9574A84621DA16270041475D /* Category.swift */; };
		95A86D0121CFC70F005AC808 /* AppDelegate.swift in Sources */ = {isa = PBXBuildFile; fileRef = 95A86D0021CFC70F005AC808 /* AppDelegate.swift */; };
		95A86D0321CFC70F005AC808 /* TodoListViewController.swift in Sources */ = {isa = PBXBuildFile; fileRef = 95A86D0221CFC70F005AC808 /* TodoListViewController.swift */; };
		95A86D0621CFC70F005AC808 /* Main.storyboard in Resources */ = {isa = PBXBuildFile; fileRef = 95A86D0421CFC70F005AC808 /* Main.storyboard */; };
		95A86D0821CFC710005AC808 /* Assets.xcassets in Resources */ = {isa = PBXBuildFile; fileRef = 95A86D0721CFC710005AC808 /* Assets.xcassets */; };
		95A86D0B21CFC710005AC808 /* LaunchScreen.storyboard in Resources */ = {isa = PBXBuildFile; fileRef = 95A86D0921CFC710005AC808 /* LaunchScreen.storyboard */; };
		95D82FBA21E0D40300994629 /* SwipeTableViewController.swift in Sources */ = {isa = PBXBuildFile; fileRef = 95D82FB921E0D40300994629 /* SwipeTableViewController.swift */; };
		95F0D9B621D8D5EF005F6A43 /* CategoryViewController.swift in Sources */ = {isa = PBXBuildFile; fileRef = 95F0D9B521D8D5EF005F6A43 /* CategoryViewController.swift */; };
/* End PBXBuildFile section */

/* Begin PBXFileReference section */
		0997ECE9E40618BCA25CC904 /* Pods-Todoey.release.xcconfig */ = {isa = PBXFileReference; includeInIndex = 1; lastKnownFileType = text.xcconfig; name = "Pods-Todoey.release.xcconfig"; path = "Pods/Target Support Files/Pods-Todoey/Pods-Todoey.release.xcconfig"; sourceTree = "<group>"; };
		14F81B011CE120EBC106635A /* Pods-Todoey.debug.xcconfig */ = {isa = PBXFileReference; includeInIndex = 1; lastKnownFileType = text.xcconfig; name = "Pods-Todoey.debug.xcconfig"; path = "Pods/Target Support Files/Pods-Todoey/Pods-Todoey.debug.xcconfig"; sourceTree = "<group>"; };
		637D07A92FE49F20BC3378D3 /* Pods_Todoey.framework */ = {isa = PBXFileReference; explicitFileType = wrapper.framework; includeInIndex = 0; path = Pods_Todoey.framework; sourceTree = BUILT_PRODUCTS_DIR; };
		9574A84421DA161C0041475D /* Item.swift */ = {isa = PBXFileReference; lastKnownFileType = sourcecode.swift; path = Item.swift; sourceTree = "<group>"; };
		9574A84621DA16270041475D /* Category.swift */ = {isa = PBXFileReference; lastKnownFileType = sourcecode.swift; path = Category.swift; sourceTree = "<group>"; };
		95A86CFD21CFC70F005AC808 /* Todoey.app */ = {isa = PBXFileReference; explicitFileType = wrapper.application; includeInIndex = 0; path = Todoey.app; sourceTree = BUILT_PRODUCTS_DIR; };
		95A86D0021CFC70F005AC808 /* AppDelegate.swift */ = {isa = PBXFileReference; lastKnownFileType = sourcecode.swift; path = AppDelegate.swift; sourceTree = "<group>"; };
		95A86D0221CFC70F005AC808 /* TodoListViewController.swift */ = {isa = PBXFileReference; lastKnownFileType = sourcecode.swift; path = TodoListViewController.swift; sourceTree = "<group>"; };
		95A86D0521CFC70F005AC808 /* Base */ = {isa = PBXFileReference; lastKnownFileType = file.storyboard; name = Base; path = Base.lproj/Main.storyboard; sourceTree = "<group>"; };
		95A86D0721CFC710005AC808 /* Assets.xcassets */ = {isa = PBXFileReference; lastKnownFileType = folder.assetcatalog; path = Assets.xcassets; sourceTree = "<group>"; };
		95A86D0A21CFC710005AC808 /* Base */ = {isa = PBXFileReference; lastKnownFileType = file.storyboard; name = Base; path = Base.lproj/LaunchScreen.storyboard; sourceTree = "<group>"; };
		95A86D0C21CFC710005AC808 /* Info.plist */ = {isa = PBXFileReference; lastKnownFileType = text.plist.xml; path = Info.plist; sourceTree = "<group>"; };
		95D82FB921E0D40300994629 /* SwipeTableViewController.swift */ = {isa = PBXFileReference; lastKnownFileType = sourcecode.swift; path = SwipeTableViewController.swift; sourceTree = "<group>"; };
		95F0D9B521D8D5EF005F6A43 /* CategoryViewController.swift */ = {isa = PBXFileReference; lastKnownFileType = sourcecode.swift; path = CategoryViewController.swift; sourceTree = "<group>"; };
/* End PBXFileReference section */

/* Begin PBXFrameworksBuildPhase section */
		95A86CFA21CFC70F005AC808 /* Frameworks */ = {
			isa = PBXFrameworksBuildPhase;
			buildActionMask = 2147483647;
			files = (
				735B87800BEEF992BBB8FFF5 /* Pods_Todoey.framework in Frameworks */,
			);
			runOnlyForDeploymentPostprocessing = 0;
		};
/* End PBXFrameworksBuildPhase section */

/* Begin PBXGroup section */
		6DB5E373EECDD1C9F29B79B8 /* Frameworks */ = {
			isa = PBXGroup;
			children = (
				637D07A92FE49F20BC3378D3 /* Pods_Todoey.framework */,
			);
			name = Frameworks;
			sourceTree = "<group>";
		};
		95A86CF421CFC70F005AC808 = {
			isa = PBXGroup;
			children = (
				95A86CFF21CFC70F005AC808 /* Todoey */,
				95A86CFE21CFC70F005AC808 /* Products */,
				B1237FC5A0161A8F228864B9 /* Pods */,
				6DB5E373EECDD1C9F29B79B8 /* Frameworks */,
			);
			sourceTree = "<group>";
		};
		95A86CFE21CFC70F005AC808 /* Products */ = {
			isa = PBXGroup;
			children = (
				95A86CFD21CFC70F005AC808 /* Todoey.app */,
			);
			name = Products;
			sourceTree = "<group>";
		};
		95A86CFF21CFC70F005AC808 /* Todoey */ = {
			isa = PBXGroup;
			children = (
				95A86D0021CFC70F005AC808 /* AppDelegate.swift */,
				95A86D1521D10105005AC808 /* Data Model */,
				95A86D1621D1015C005AC808 /* Controllers */,
				95A86D1721D10186005AC808 /* View */,
				95A86D0721CFC710005AC808 /* Assets.xcassets */,
				95A86D0921CFC710005AC808 /* LaunchScreen.storyboard */,
				95A86D0C21CFC710005AC808 /* Info.plist */,
			);
			path = Todoey;
			sourceTree = "<group>";
		};
		95A86D1521D10105005AC808 /* Data Model */ = {
			isa = PBXGroup;
			children = (
				9574A84621DA16270041475D /* Category.swift */,
				9574A84421DA161C0041475D /* Item.swift */,
			);
			path = "Data Model";
			sourceTree = "<group>";
		};
		95A86D1621D1015C005AC808 /* Controllers */ = {
			isa = PBXGroup;
			children = (
				95F0D9B521D8D5EF005F6A43 /* CategoryViewController.swift */,
				95A86D0221CFC70F005AC808 /* TodoListViewController.swift */,
				95D82FB921E0D40300994629 /* SwipeTableViewController.swift */,
			);
			path = Controllers;
			sourceTree = "<group>";
		};
		95A86D1721D10186005AC808 /* View */ = {
			isa = PBXGroup;
			children = (
				95A86D0421CFC70F005AC808 /* Main.storyboard */,
			);
			path = View;
			sourceTree = "<group>";
		};
		B1237FC5A0161A8F228864B9 /* Pods */ = {
			isa = PBXGroup;
			children = (
				14F81B011CE120EBC106635A /* Pods-Todoey.debug.xcconfig */,
				0997ECE9E40618BCA25CC904 /* Pods-Todoey.release.xcconfig */,
			);
			name = Pods;
			sourceTree = "<group>";
		};
/* End PBXGroup section */

/* Begin PBXNativeTarget section */
		95A86CFC21CFC70F005AC808 /* Todoey */ = {
			isa = PBXNativeTarget;
			buildConfigurationList = 95A86D0F21CFC710005AC808 /* Build configuration list for PBXNativeTarget "Todoey" */;
			buildPhases = (
				D937D42A2C4FC06A2994A949 /* [CP] Check Pods Manifest.lock */,
				95A86CF921CFC70F005AC808 /* Sources */,
				95A86CFA21CFC70F005AC808 /* Frameworks */,
				95A86CFB21CFC70F005AC808 /* Resources */,
				D1370FF81F66FF7B8B3C16F8 /* [CP] Embed Pods Frameworks */,
			);
			buildRules = (
			);
			dependencies = (
			);
			name = Todoey;
			productName = Todoey;
			productReference = 95A86CFD21CFC70F005AC808 /* Todoey.app */;
			productType = "com.apple.product-type.application";
		};
/* End PBXNativeTarget section */

/* Begin PBXProject section */
		95A86CF521CFC70F005AC808 /* Project object */ = {
			isa = PBXProject;
			attributes = {
				LastSwiftUpdateCheck = 1010;
				LastUpgradeCheck = 1010;
				ORGANIZATIONNAME = "Agnius Pazecka";
				TargetAttributes = {
					95A86CFC21CFC70F005AC808 = {
						CreatedOnToolsVersion = 10.1;
					};
				};
			};
			buildConfigurationList = 95A86CF821CFC70F005AC808 /* Build configuration list for PBXProject "Todoey" */;
			compatibilityVersion = "Xcode 9.3";
			developmentRegion = en;
			hasScannedForEncodings = 0;
			knownRegions = (
				en,
				Base,
			);
			mainGroup = 95A86CF421CFC70F005AC808;
			productRefGroup = 95A86CFE21CFC70F005AC808 /* Products */;
			projectDirPath = "";
			projectRoot = "";
			targets = (
				95A86CFC21CFC70F005AC808 /* Todoey */,
			);
		};
/* End PBXProject section */

/* Begin PBXResourcesBuildPhase section */
		95A86CFB21CFC70F005AC808 /* Resources */ = {
			isa = PBXResourcesBuildPhase;
			buildActionMask = 2147483647;
			files = (
				95A86D0B21CFC710005AC808 /* LaunchScreen.storyboard in Resources */,
				95A86D0821CFC710005AC808 /* Assets.xcassets in Resources */,
				95A86D0621CFC70F005AC808 /* Main.storyboard in Resources */,
			);
			runOnlyForDeploymentPostprocessing = 0;
		};
/* End PBXResourcesBuildPhase section */

/* Begin PBXShellScriptBuildPhase section */
		D1370FF81F66FF7B8B3C16F8 /* [CP] Embed Pods Frameworks */ = {
			isa = PBXShellScriptBuildPhase;
			buildActionMask = 2147483647;
			files = (
			);
			inputFileListPaths = (
			);
			inputPaths = (
				"${SRCROOT}/Pods/Target Support Files/Pods-Todoey/Pods-Todoey-frameworks.sh",
				"${BUILT_PRODUCTS_DIR}/Realm/Realm.framework",
				"${BUILT_PRODUCTS_DIR}/RealmSwift/RealmSwift.framework",
				"${BUILT_PRODUCTS_DIR}/SwipeCellKit/SwipeCellKit.framework",
			);
			name = "[CP] Embed Pods Frameworks";
			outputFileListPaths = (
			);
			outputPaths = (
				"${TARGET_BUILD_DIR}/${FRAMEWORKS_FOLDER_PATH}/Realm.framework",
				"${TARGET_BUILD_DIR}/${FRAMEWORKS_FOLDER_PATH}/RealmSwift.framework",
				"${TARGET_BUILD_DIR}/${FRAMEWORKS_FOLDER_PATH}/SwipeCellKit.framework",
			);
			runOnlyForDeploymentPostprocessing = 0;
			shellPath = /bin/sh;
			shellScript = "\"${SRCROOT}/Pods/Target Support Files/Pods-Todoey/Pods-Todoey-frameworks.sh\"\n";
			showEnvVarsInLog = 0;
		};
		D937D42A2C4FC06A2994A949 /* [CP] Check Pods Manifest.lock */ = {
			isa = PBXShellScriptBuildPhase;
			buildActionMask = 2147483647;
			files = (
			);
			inputFileListPaths = (
			);
			inputPaths = (
				"${PODS_PODFILE_DIR_PATH}/Podfile.lock",
				"${PODS_ROOT}/Manifest.lock",
			);
			name = "[CP] Check Pods Manifest.lock";
			outputFileListPaths = (
			);
			outputPaths = (
				"$(DERIVED_FILE_DIR)/Pods-Todoey-checkManifestLockResult.txt",
			);
			runOnlyForDeploymentPostprocessing = 0;
			shellPath = /bin/sh;
			shellScript = "diff \"${PODS_PODFILE_DIR_PATH}/Podfile.lock\" \"${PODS_ROOT}/Manifest.lock\" > /dev/null\nif [ $? != 0 ] ; then\n    # print error to STDERR\n    echo \"error: The sandbox is not in sync with the Podfile.lock. Run 'pod install' or update your CocoaPods installation.\" >&2\n    exit 1\nfi\n# This output is used by Xcode 'outputs' to avoid re-running this script phase.\necho \"SUCCESS\" > \"${SCRIPT_OUTPUT_FILE_0}\"\n";
			showEnvVarsInLog = 0;
		};
/* End PBXShellScriptBuildPhase section */

/* Begin PBXSourcesBuildPhase section */
		95A86CF921CFC70F005AC808 /* Sources */ = {
			isa = PBXSourcesBuildPhase;
			buildActionMask = 2147483647;
			files = (
				9574A84521DA161C0041475D /* Item.swift in Sources */,
				95F0D9B621D8D5EF005F6A43 /* CategoryViewController.swift in Sources */,
				95A86D0321CFC70F005AC808 /* TodoListViewController.swift in Sources */,
				95A86D0121CFC70F005AC808 /* AppDelegate.swift in Sources */,
				95D82FBA21E0D40300994629 /* SwipeTableViewController.swift in Sources */,
				9574A84721DA16270041475D /* Category.swift in Sources */,
			);
			runOnlyForDeploymentPostprocessing = 0;
		};
/* End PBXSourcesBuildPhase section */

/* Begin PBXVariantGroup section */
		95A86D0421CFC70F005AC808 /* Main.storyboard */ = {
			isa = PBXVariantGroup;
			children = (
				95A86D0521CFC70F005AC808 /* Base */,
			);
			name = Main.storyboard;
			sourceTree = "<group>";
		};
		95A86D0921CFC710005AC808 /* LaunchScreen.storyboard */ = {
			isa = PBXVariantGroup;
			children = (
				95A86D0A21CFC710005AC808 /* Base */,
			);
			name = LaunchScreen.storyboard;
			sourceTree = "<group>";
		};
/* End PBXVariantGroup section */

/* Begin XCBuildConfiguration section */
		95A86D0D21CFC710005AC808 /* Debug */ = {
			isa = XCBuildConfiguration;
			buildSettings = {
				ALWAYS_SEARCH_USER_PATHS = NO;
				CLANG_ANALYZER_NONNULL = YES;
				CLANG_ANALYZER_NUMBER_OBJECT_CONVERSION = YES_AGGRESSIVE;
				CLANG_CXX_LANGUAGE_STANDARD = "gnu++14";
				CLANG_CXX_LIBRARY = "libc++";
				CLANG_ENABLE_MODULES = YES;
				CLANG_ENABLE_OBJC_ARC = YES;
				CLANG_ENABLE_OBJC_WEAK = YES;
				CLANG_WARN_BLOCK_CAPTURE_AUTORELEASING = YES;
				CLANG_WARN_BOOL_CONVERSION = YES;
				CLANG_WARN_COMMA = YES;
				CLANG_WARN_CONSTANT_CONVERSION = YES;
				CLANG_WARN_DEPRECATED_OBJC_IMPLEMENTATIONS = YES;
				CLANG_WARN_DIRECT_OBJC_ISA_USAGE = YES_ERROR;
				CLANG_WARN_DOCUMENTATION_COMMENTS = YES;
				CLANG_WARN_EMPTY_BODY = YES;
				CLANG_WARN_ENUM_CONVERSION = YES;
				CLANG_WARN_INFINITE_RECURSION = YES;
				CLANG_WARN_INT_CONVERSION = YES;
				CLANG_WARN_NON_LITERAL_NULL_CONVERSION = YES;
				CLANG_WARN_OBJC_IMPLICIT_RETAIN_SELF = YES;
				CLANG_WARN_OBJC_LITERAL_CONVERSION = YES;
				CLANG_WARN_OBJC_ROOT_CLASS = YES_ERROR;
				CLANG_WARN_RANGE_LOOP_ANALYSIS = YES;
				CLANG_WARN_STRICT_PROTOTYPES = YES;
				CLANG_WARN_SUSPICIOUS_MOVE = YES;
				CLANG_WARN_UNGUARDED_AVAILABILITY = YES_AGGRESSIVE;
				CLANG_WARN_UNREACHABLE_CODE = YES;
				CLANG_WARN__DUPLICATE_METHOD_MATCH = YES;
				CODE_SIGN_IDENTITY = "iPhone Developer";
				COPY_PHASE_STRIP = NO;
				DEBUG_INFORMATION_FORMAT = dwarf;
				ENABLE_STRICT_OBJC_MSGSEND = YES;
				ENABLE_TESTABILITY = YES;
				GCC_C_LANGUAGE_STANDARD = gnu11;
				GCC_DYNAMIC_NO_PIC = NO;
				GCC_NO_COMMON_BLOCKS = YES;
				GCC_OPTIMIZATION_LEVEL = 0;
				GCC_PREPROCESSOR_DEFINITIONS = (
					"DEBUG=1",
					"$(inherited)",
				);
				GCC_WARN_64_TO_32_BIT_CONVERSION = YES;
				GCC_WARN_ABOUT_RETURN_TYPE = YES_ERROR;
				GCC_WARN_UNDECLARED_SELECTOR = YES;
				GCC_WARN_UNINITIALIZED_AUTOS = YES_AGGRESSIVE;
				GCC_WARN_UNUSED_FUNCTION = YES;
				GCC_WARN_UNUSED_VARIABLE = YES;
				IPHONEOS_DEPLOYMENT_TARGET = 12.1;
				MTL_ENABLE_DEBUG_INFO = INCLUDE_SOURCE;
				MTL_FAST_MATH = YES;
				ONLY_ACTIVE_ARCH = YES;
				SDKROOT = iphoneos;
				SWIFT_ACTIVE_COMPILATION_CONDITIONS = DEBUG;
				SWIFT_OPTIMIZATION_LEVEL = "-Onone";
			};
			name = Debug;
		};
		95A86D0E21CFC710005AC808 /* Release */ = {
			isa = XCBuildConfiguration;
			buildSettings = {
				ALWAYS_SEARCH_USER_PATHS = NO;
				CLANG_ANALYZER_NONNULL = YES;
				CLANG_ANALYZER_NUMBER_OBJECT_CONVERSION = YES_AGGRESSIVE;
				CLANG_CXX_LANGUAGE_STANDARD = "gnu++14";
				CLANG_CXX_LIBRARY = "libc++";
				CLANG_ENABLE_MODULES = YES;
				CLANG_ENABLE_OBJC_ARC = YES;
				CLANG_ENABLE_OBJC_WEAK = YES;
				CLANG_WARN_BLOCK_CAPTURE_AUTORELEASING = YES;
				CLANG_WARN_BOOL_CONVERSION = YES;
				CLANG_WARN_COMMA = YES;
				CLANG_WARN_CONSTANT_CONVERSION = YES;
				CLANG_WARN_DEPRECATED_OBJC_IMPLEMENTATIONS = YES;
				CLANG_WARN_DIRECT_OBJC_ISA_USAGE = YES_ERROR;
				CLANG_WARN_DOCUMENTATION_COMMENTS = YES;
				CLANG_WARN_EMPTY_BODY = YES;
				CLANG_WARN_ENUM_CONVERSION = YES;
				CLANG_WARN_INFINITE_RECURSION = YES;
				CLANG_WARN_INT_CONVERSION = YES;
				CLANG_WARN_NON_LITERAL_NULL_CONVERSION = YES;
				CLANG_WARN_OBJC_IMPLICIT_RETAIN_SELF = YES;
				CLANG_WARN_OBJC_LITERAL_CONVERSION = YES;
				CLANG_WARN_OBJC_ROOT_CLASS = YES_ERROR;
				CLANG_WARN_RANGE_LOOP_ANALYSIS = YES;
				CLANG_WARN_STRICT_PROTOTYPES = YES;
				CLANG_WARN_SUSPICIOUS_MOVE = YES;
				CLANG_WARN_UNGUARDED_AVAILABILITY = YES_AGGRESSIVE;
				CLANG_WARN_UNREACHABLE_CODE = YES;
				CLANG_WARN__DUPLICATE_METHOD_MATCH = YES;
				CODE_SIGN_IDENTITY = "iPhone Developer";
				COPY_PHASE_STRIP = NO;
				DEBUG_INFORMATION_FORMAT = "dwarf-with-dsym";
				ENABLE_NS_ASSERTIONS = NO;
				ENABLE_STRICT_OBJC_MSGSEND = YES;
				GCC_C_LANGUAGE_STANDARD = gnu11;
				GCC_NO_COMMON_BLOCKS = YES;
				GCC_WARN_64_TO_32_BIT_CONVERSION = YES;
				GCC_WARN_ABOUT_RETURN_TYPE = YES_ERROR;
				GCC_WARN_UNDECLARED_SELECTOR = YES;
				GCC_WARN_UNINITIALIZED_AUTOS = YES_AGGRESSIVE;
				GCC_WARN_UNUSED_FUNCTION = YES;
				GCC_WARN_UNUSED_VARIABLE = YES;
				IPHONEOS_DEPLOYMENT_TARGET = 12.1;
				MTL_ENABLE_DEBUG_INFO = NO;
				MTL_FAST_MATH = YES;
				SDKROOT = iphoneos;
				SWIFT_COMPILATION_MODE = wholemodule;
				SWIFT_OPTIMIZATION_LEVEL = "-O";
				VALIDATE_PRODUCT = YES;
			};
			name = Release;
		};
		95A86D1021CFC710005AC808 /* Debug */ = {
			isa = XCBuildConfiguration;
			baseConfigurationReference = 14F81B011CE120EBC106635A /* Pods-Todoey.debug.xcconfig */;
			buildSettings = {
				ASSETCATALOG_COMPILER_APPICON_NAME = AppIcon;
				CODE_SIGN_STYLE = Automatic;
				DEVELOPMENT_TEAM = 4RRA8XDKRU;
				INFOPLIST_FILE = Todoey/Info.plist;
				LD_RUNPATH_SEARCH_PATHS = (
					"$(inherited)",
					"@executable_path/Frameworks",
				);
				PRODUCT_BUNDLE_IDENTIFIER = com.agniuspazecka.Todoey;
				PRODUCT_NAME = "$(TARGET_NAME)";
				SWIFT_VERSION = 4.2;
				TARGETED_DEVICE_FAMILY = "1,2";
			};
			name = Debug;
		};
		95A86D1121CFC710005AC808 /* Release */ = {
			isa = XCBuildConfiguration;
			baseConfigurationReference = 0997ECE9E40618BCA25CC904 /* Pods-Todoey.release.xcconfig */;
			buildSettings = {
				ASSETCATALOG_COMPILER_APPICON_NAME = AppIcon;
				CODE_SIGN_STYLE = Automatic;
				DEVELOPMENT_TEAM = 4RRA8XDKRU;
				INFOPLIST_FILE = Todoey/Info.plist;
				LD_RUNPATH_SEARCH_PATHS = (
					"$(inherited)",
					"@executable_path/Frameworks",
				);
				PRODUCT_BUNDLE_IDENTIFIER = com.agniuspazecka.Todoey;
				PRODUCT_NAME = "$(TARGET_NAME)";
				SWIFT_VERSION = 4.2;
				TARGETED_DEVICE_FAMILY = "1,2";
			};
			name = Release;
		};
/* End XCBuildConfiguration section */

/* Begin XCConfigurationList section */
		95A86CF821CFC70F005AC808 /* Build configuration list for PBXProject "Todoey" */ = {
			isa = XCConfigurationList;
			buildConfigurations = (
				95A86D0D21CFC710005AC808 /* Debug */,
				95A86D0E21CFC710005AC808 /* Release */,
			);
			defaultConfigurationIsVisible = 0;
			defaultConfigurationName = Release;
		};
		95A86D0F21CFC710005AC808 /* Build configuration list for PBXNativeTarget "Todoey" */ = {
			isa = XCConfigurationList;
			buildConfigurations = (
				95A86D1021CFC710005AC808 /* Debug */,
				95A86D1121CFC710005AC808 /* Release */,
			);
			defaultConfigurationIsVisible = 0;
			defaultConfigurationName = Release;
		};
/* End XCConfigurationList section */
	};
	rootObject = 95A86CF521CFC70F005AC808 /* Project object */;
}
